
Microsoft Visual Studio Solution File, Format Version 12.00
# Visual Studio Version 17
VisualStudioVersion = 17.8.34525.116
MinimumVisualStudioVersion = 10.0.40219.1
Project("{FAE04EC0-301F-11D3-BF4B-00C04F79EFBC}") = "MyLWork7", "MyLWork7\MyLWork7.csproj", "{84BB011C-EE8E-4587-8727-9FCB0AB16B24}"
EndProject
Global
	GlobalSection(SolutionConfigurationPlatforms) = preSolution
		Debug|Any CPU = Debug|Any CPU
		Release|Any CPU = Release|Any CPU
	EndGlobalSection
	GlobalSection(ProjectConfigurationPlatforms) = postSolution
		{84BB011C-EE8E-4587-8727-9FCB0AB16B24}.Debug|Any CPU.ActiveCfg = Debug|Any CPU
		{84BB011C-EE8E-4587-8727-9FCB0AB16B24}.Debug|Any CPU.Build.0 = Debug|Any CPU
		{84BB011C-EE8E-4587-8727-9FCB0AB16B24}.Release|Any CPU.ActiveCfg = Release|Any CPU
		{84BB011C-EE8E-4587-8727-9FCB0AB16B24}.Release|Any CPU.Build.0 = Release|Any CPU
	EndGlobalSection
	GlobalSection(SolutionProperties) = preSolution
		HideSolutionNode = FALSE
	EndGlobalSection
	GlobalSection(ExtensibilityGlobals) = postSolution
		SolutionGuid = {C1910E88-57C7-4E89-B8AC-F0BC3F97A651}
	EndGlobalSection
EndGlobal
